
Microsoft Visual Studio Solution File, Format Version 12.00
# Visual Studio Version 17
VisualStudioVersion = 17.11.35431.28
MinimumVisualStudioVersion = 10.0.40219.1
Project("{FAE04EC0-301F-11D3-BF4B-00C04F79EFBC}") = "Inventory_", "Inventory_\Inventory_.csproj", "{6E7AD6FC-C44F-4CFE-AD65-B85318488ACE}"
EndProject
Global
	GlobalSection(SolutionConfigurationPlatforms) = preSolution
		Debug|Any CPU = Debug|Any CPU
		Release|Any CPU = Release|Any CPU
	EndGlobalSection
	GlobalSection(ProjectConfigurationPlatforms) = postSolution
		{6E7AD6FC-C44F-4CFE-AD65-B85318488ACE}.Debug|Any CPU.ActiveCfg = Debug|Any CPU
		{6E7AD6FC-C44F-4CFE-AD65-B85318488ACE}.Debug|Any CPU.Build.0 = Debug|Any CPU
		{6E7AD6FC-C44F-4CFE-AD65-B85318488ACE}.Release|Any CPU.ActiveCfg = Release|Any CPU
		{6E7AD6FC-C44F-4CFE-AD65-B85318488ACE}.Release|Any CPU.Build.0 = Release|Any CPU
	EndGlobalSection
	GlobalSection(SolutionProperties) = preSolution
		HideSolutionNode = FALSE
	EndGlobalSection
	GlobalSection(ExtensibilityGlobals) = postSolution
		SolutionGuid = {27614AEF-2AD8-479F-B94C-AB8D983DE381}
	EndGlobalSection
EndGlobal
